Microsoft Visual Studio Solution File, Format Version 12.00
# Visual Studio Version 17
VisualStudioVersion = 17.5.2.0
MinimumVisualStudioVersion = 10.0.40219.1
Project("{FAE04EC0-301F-11D3-BF4B-00C04F79EFBC}") = "HouseAlwaysWins", "HouseAlwaysWins\HouseAlwaysWins.csproj", "{02083E9C-CA93-D1F4-F9D0-7389BECEF35E}"
EndProject
Global
	GlobalSection(SolutionConfigurationPlatforms) = preSolution
		Debug|Any CPU = Debug|Any CPU
		Release|Any CPU = Release|Any CPU
	EndGlobalSection
	GlobalSection(ProjectConfigurationPlatforms) = postSolution
		{02083E9C-CA93-D1F4-F9D0-7389BECEF35E}.Debug|Any CPU.ActiveCfg = Debug|Any CPU
		{02083E9C-CA93-D1F4-F9D0-7389BECEF35E}.Debug|Any CPU.Build.0 = Debug|Any CPU
		{02083E9C-CA93-D1F4-F9D0-7389BECEF35E}.Release|Any CPU.ActiveCfg = Release|Any CPU
		{02083E9C-CA93-D1F4-F9D0-7389BECEF35E}.Release|Any CPU.Build.0 = Release|Any CPU
	EndGlobalSection
	GlobalSection(SolutionProperties) = preSolution
		HideSolutionNode = FALSE
	EndGlobalSection
	GlobalSection(ExtensibilityGlobals) = postSolution
		SolutionGuid = {4A92A8FA-2926-421D-9BB8-3073AD287F42}
	EndGlobalSection
EndGlobal
